<Solution>
  <File Path="README.md" />
  <Folder Name="/src/">
    <Project Path="src/FinancialTransferProcessing.API/FinancialTransferProcessing.API.csproj" />
    <Project Path="src/FinancialTransferProcessing.Application/FinancialTransferProcessing.Application.csproj" />
    <Project Path="src/FinancialTransferProcessing.Domain/FinancialTransferProcessing.Domain.csproj" />
    <Project Path="src/FinancialTransferProcessing.Infrastructure/FinancialTransferProcessing.Infrastructure.csproj" />
    <Project Path="src/FinancialTransferProcessing.Worker/FinancialTransferProcessing.Worker.csproj" Id="b4499961-d898-4d57-81d3-641ecbf78a9f" />
  </Folder>
</Solution>
